
Microsoft Visual Studio Solution File, Format Version 12.00
# Visual Studio Version 17
VisualStudioVersion = 17.7.34202.233
MinimumVisualStudioVersion = 10.0.40219.1
Project("{FAE04EC0-301F-11D3-BF4B-00C04F79EFBC}") = "Problems of multiple class inheritance1", "Problems of multiple class inheritance1.csproj", "{CBAF7EF4-6765-4DCD-B75F-13352D7B240D}"
EndProject
Global
	GlobalSection(SolutionConfigurationPlatforms) = preSolution
		Debug|Any CPU = Debug|Any CPU
		Release|Any CPU = Release|Any CPU
	EndGlobalSection
	GlobalSection(ProjectConfigurationPlatforms) = postSolution
		{CBAF7EF4-6765-4DCD-B75F-13352D7B240D}.Debug|Any CPU.ActiveCfg = Debug|Any CPU
		{CBAF7EF4-6765-4DCD-B75F-13352D7B240D}.Debug|Any CPU.Build.0 = Debug|Any CPU
		{CBAF7EF4-6765-4DCD-B75F-13352D7B240D}.Release|Any CPU.ActiveCfg = Release|Any CPU
		{CBAF7EF4-6765-4DCD-B75F-13352D7B240D}.Release|Any CPU.Build.0 = Release|Any CPU
	EndGlobalSection
	GlobalSection(SolutionProperties) = preSolution
		HideSolutionNode = FALSE
	EndGlobalSection
	GlobalSection(ExtensibilityGlobals) = postSolution
		SolutionGuid = {5070275E-E3EE-41EE-B6AD-2CA568B98ABB}
	EndGlobalSection
EndGlobal
